
Microsoft Visual Studio Solution File, Format Version 12.00
# Visual Studio Version 17
VisualStudioVersion = 17.13.35825.156
MinimumVisualStudioVersion = 10.0.40219.1
Project("{2150E333-8FDC-42A3-9474-1A3956D46DE8}") = "Solution Items", "Solution Items", "{02EA681E-C7D8-13C7-8484-4AC65E1B71E8}"
	ProjectSection(SolutionItems) = preProject
		.editorconfig = .editorconfig
		code-analysis.props = code-analysis.props
		devlog.md = devlog.md
		Directory.Build.props = Directory.Build.props
	EndProjectSection
EndProject
Project("{2150E333-8FDC-42A3-9474-1A3956D46DE8}") = "infra", "infra", "{06B016BC-C266-46F7-AF17-943C742A33EE}"
EndProject
Project("{9A19103F-16F7-4668-BE54-9A1E7A4F7556}") = "MaomiAI.Infra.Shared", "src\infra\MaomiAI.Infra.Shared\MaomiAI.Infra.Shared.csproj", "{59F2C08C-E01B-457B-AD85-FF40DB4303DD}"
EndProject
Project("{9A19103F-16F7-4668-BE54-9A1E7A4F7556}") = "MaomiAI.Infra.Core", "src\infra\MaomiAI.Infra.Core\MaomiAI.Infra.Core.csproj", "{0B6EACF0-3826-435F-B867-A9358B1AF888}"
EndProject
Project("{2150E333-8FDC-42A3-9474-1A3956D46DE8}") = "database", "database", "{99D16F7C-6DBA-4B1B-952A-54BA68B15069}"
EndProject
Project("{9A19103F-16F7-4668-BE54-9A1E7A4F7556}") = "MaomiAI.Database.Shared", "src\database\MaomiAI.Database.Shared\MaomiAI.Database.Shared.csproj", "{AF3EDDFC-046A-4F9A-8C37-5B024193460C}"
EndProject
Project("{9A19103F-16F7-4668-BE54-9A1E7A4F7556}") = "MaomiAI.Database.Core", "src\database\MaomiAI.Database.Core\MaomiAI.Database.Core.csproj", "{C9063599-D8BC-41DC-97F5-2190482146D4}"
EndProject
Project("{2150E333-8FDC-42A3-9474-1A3956D46DE8}") = "document", "document", "{4D062625-E1A3-4608-ACFE-3C065306732F}"
EndProject
Project("{9A19103F-16F7-4668-BE54-9A1E7A4F7556}") = "MaomiAI.Document.Shared", "src\document\MaomiAI.Document.Shared\MaomiAI.Document.Shared.csproj", "{5DB86C95-9C5F-4C70-A337-522CB575E070}"
EndProject
Project("{9A19103F-16F7-4668-BE54-9A1E7A4F7556}") = "MaomiAI.Document.Core", "src\document\MaomiAI.Document.Core\MaomiAI.Document.Core.csproj", "{BA8B4374-0ED4-4C77-BEBF-3EB462F0169B}"
EndProject
Project("{2150E333-8FDC-42A3-9474-1A3956D46DE8}") = "embedding", "embedding", "{705133D9-C430-41F9-A514-D339D69A4D62}"
EndProject
Project("{9A19103F-16F7-4668-BE54-9A1E7A4F7556}") = "MaomiAI.Embedding.Shared", "src\embedding\MaomiAI.Embedding.Shared\MaomiAI.Embedding.Shared.csproj", "{DBFC941D-06ED-4C42-8D41-18874E445BE0}"
EndProject
Project("{9A19103F-16F7-4668-BE54-9A1E7A4F7556}") = "MaomiAI.Embedding.Core", "src\embedding\MaomiAI.Embedding.Core\MaomiAI.Embedding.Core.csproj", "{F458D1FB-0040-4C3E-99C9-0BCF5D3E285B}"
EndProject
Project("{9A19103F-16F7-4668-BE54-9A1E7A4F7556}") = "MaomiAI.Infra.Configuration", "src\infra\MaomiAI.Infra.Configuration\MaomiAI.Infra.Configuration.csproj", "{AEDD876B-9286-4DBC-9F86-05D4E251B5DB}"
EndProject
Project("{9A19103F-16F7-4668-BE54-9A1E7A4F7556}") = "MaomiAI", "src\MaomiAI\MaomiAI.csproj", "{98011941-1099-479F-A268-6BEC17D1AC5D}"
EndProject
Project("{9A19103F-16F7-4668-BE54-9A1E7A4F7556}") = "MaomiAI.Database.Postgres", "src\database\MaomiAI.Database.Postgres\MaomiAI.Database.Postgres.csproj", "{AEF2CF1C-C909-4A1A-884E-4AE2B5F723A8}"
EndProject
Project("{9A19103F-16F7-4668-BE54-9A1E7A4F7556}") = "PostgreScaffold", "tool\PostgreScaffold\PostgreScaffold.csproj", "{DDE70FDD-8D52-4A49-8B5E-AE1B216A4FE0}"
EndProject
Project("{2150E333-8FDC-42A3-9474-1A3956D46DE8}") = "tool", "tool", "{5345C984-F81E-4354-BEEC-1C96CC5A6BD6}"
EndProject
Project("{2150E333-8FDC-42A3-9474-1A3956D46DE8}") = "user", "user", "{0BC5E6FA-D23D-4F9D-9473-7AC08083F867}"
EndProject
Project("{9A19103F-16F7-4668-BE54-9A1E7A4F7556}") = "MaomiAI.User.Shared", "src\user\MaomiAI.User.Shared\MaomiAI.User.Shared.csproj", "{3CAA147A-4E33-416E-9122-E2B298185187}"
EndProject
Project("{9A19103F-16F7-4668-BE54-9A1E7A4F7556}") = "MaomiAI.User.Core", "src\user\MaomiAI.User.Core\MaomiAI.User.Core.csproj", "{C66325AB-B11B-4B7A-B624-5BF5C416B279}"
EndProject
Project("{FAE04EC0-301F-11D3-BF4B-00C04F79EFBC}") = "MaomiAI.User.Api", "src\user\MaomiAI.User.Api\MaomiAI.User.Api.csproj", "{EFF40315-4B62-480C-9CAD-E393983F78AB}"
EndProject
Project("{2150E333-8FDC-42A3-9474-1A3956D46DE8}") = "store", "store", "{84F8CFC5-16A2-4233-9175-F159B469B46A}"
EndProject
Project("{FAE04EC0-301F-11D3-BF4B-00C04F79EFBC}") = "MaomiAI.Store.Shared", "src\store\MaomiAI.Store.Shared\MaomiAI.Store.Shared.csproj", "{5A3B23F8-3199-4630-A4C1-8BDF0AE95354}"
EndProject
Project("{FAE04EC0-301F-11D3-BF4B-00C04F79EFBC}") = "MaomiAI.Store.LocalFileSystem", "src\store\MaomiAI.Store.LocalFileSystem\MaomiAI.Store.LocalFileSystem.csproj", "{E35E3F86-1D43-4340-B97A-6329300CBF9E}"
EndProject
Project("{FAE04EC0-301F-11D3-BF4B-00C04F79EFBC}") = "MaomiAI.Store.S3", "src\store\MaomiAI.Store.S3\MaomiAI.Store.S3.csproj", "{74C68BC4-3996-4CF3-88DD-B99EA1A401D1}"
EndProject
Project("{FAE04EC0-301F-11D3-BF4B-00C04F79EFBC}") = "MaomiAI.Store.Core", "src\store\MaomiAI.Store.Core\MaomiAI.Store.Core.csproj", "{475E3F96-B692-4191-AD34-CA198B677C30}"
EndProject
Global
	GlobalSection(SolutionConfigurationPlatforms) = preSolution
		Debug|Any CPU = Debug|Any CPU
		Release|Any CPU = Release|Any CPU
	EndGlobalSection
	GlobalSection(ProjectConfigurationPlatforms) = postSolution
		{59F2C08C-E01B-457B-AD85-FF40DB4303DD}.Debug|Any CPU.ActiveCfg = Debug|Any CPU
		{59F2C08C-E01B-457B-AD85-FF40DB4303DD}.Debug|Any CPU.Build.0 = Debug|Any CPU
		{59F2C08C-E01B-457B-AD85-FF40DB4303DD}.Release|Any CPU.ActiveCfg = Release|Any CPU
		{59F2C08C-E01B-457B-AD85-FF40DB4303DD}.Release|Any CPU.Build.0 = Release|Any CPU
		{0B6EACF0-3826-435F-B867-A9358B1AF888}.Debug|Any CPU.ActiveCfg = Debug|Any CPU
		{0B6EACF0-3826-435F-B867-A9358B1AF888}.Debug|Any CPU.Build.0 = Debug|Any CPU
		{0B6EACF0-3826-435F-B867-A9358B1AF888}.Release|Any CPU.ActiveCfg = Release|Any CPU
		{0B6EACF0-3826-435F-B867-A9358B1AF888}.Release|Any CPU.Build.0 = Release|Any CPU
		{AF3EDDFC-046A-4F9A-8C37-5B024193460C}.Debug|Any CPU.ActiveCfg = Debug|Any CPU
		{AF3EDDFC-046A-4F9A-8C37-5B024193460C}.Debug|Any CPU.Build.0 = Debug|Any CPU
		{AF3EDDFC-046A-4F9A-8C37-5B024193460C}.Release|Any CPU.ActiveCfg = Release|Any CPU
		{AF3EDDFC-046A-4F9A-8C37-5B024193460C}.Release|Any CPU.Build.0 = Release|Any CPU
		{C9063599-D8BC-41DC-97F5-2190482146D4}.Debug|Any CPU.ActiveCfg = Debug|Any CPU
		{C9063599-D8BC-41DC-97F5-2190482146D4}.Debug|Any CPU.Build.0 = Debug|Any CPU
		{C9063599-D8BC-41DC-97F5-2190482146D4}.Release|Any CPU.ActiveCfg = Release|Any CPU
		{C9063599-D8BC-41DC-97F5-2190482146D4}.Release|Any CPU.Build.0 = Release|Any CPU
		{5DB86C95-9C5F-4C70-A337-522CB575E070}.Debug|Any CPU.ActiveCfg = Debug|Any CPU
		{5DB86C95-9C5F-4C70-A337-522CB575E070}.Debug|Any CPU.Build.0 = Debug|Any CPU
		{5DB86C95-9C5F-4C70-A337-522CB575E070}.Release|Any CPU.ActiveCfg = Release|Any CPU
		{5DB86C95-9C5F-4C70-A337-522CB575E070}.Release|Any CPU.Build.0 = Release|Any CPU
		{BA8B4374-0ED4-4C77-BEBF-3EB462F0169B}.Debug|Any CPU.ActiveCfg = Debug|Any CPU
		{BA8B4374-0ED4-4C77-BEBF-3EB462F0169B}.Debug|Any CPU.Build.0 = Debug|Any CPU
		{BA8B4374-0ED4-4C77-BEBF-3EB462F0169B}.Release|Any CPU.ActiveCfg = Release|Any CPU
		{BA8B4374-0ED4-4C77-BEBF-3EB462F0169B}.Release|Any CPU.Build.0 = Release|Any CPU
		{DBFC941D-06ED-4C42-8D41-18874E445BE0}.Debug|Any CPU.ActiveCfg = Debug|Any CPU
		{DBFC941D-06ED-4C42-8D41-18874E445BE0}.Debug|Any CPU.Build.0 = Debug|Any CPU
		{DBFC941D-06ED-4C42-8D41-18874E445BE0}.Release|Any CPU.ActiveCfg = Release|Any CPU
		{DBFC941D-06ED-4C42-8D41-18874E445BE0}.Release|Any CPU.Build.0 = Release|Any CPU
		{F458D1FB-0040-4C3E-99C9-0BCF5D3E285B}.Debug|Any CPU.ActiveCfg = Debug|Any CPU
		{F458D1FB-0040-4C3E-99C9-0BCF5D3E285B}.Debug|Any CPU.Build.0 = Debug|Any CPU
		{F458D1FB-0040-4C3E-99C9-0BCF5D3E285B}.Release|Any CPU.ActiveCfg = Release|Any CPU
		{F458D1FB-0040-4C3E-99C9-0BCF5D3E285B}.Release|Any CPU.Build.0 = Release|Any CPU
		{AEDD876B-9286-4DBC-9F86-05D4E251B5DB}.Debug|Any CPU.ActiveCfg = Debug|Any CPU
		{AEDD876B-9286-4DBC-9F86-05D4E251B5DB}.Debug|Any CPU.Build.0 = Debug|Any CPU
		{AEDD876B-9286-4DBC-9F86-05D4E251B5DB}.Release|Any CPU.ActiveCfg = Release|Any CPU
		{AEDD876B-9286-4DBC-9F86-05D4E251B5DB}.Release|Any CPU.Build.0 = Release|Any CPU
		{98011941-1099-479F-A268-6BEC17D1AC5D}.Debug|Any CPU.ActiveCfg = Debug|Any CPU
		{98011941-1099-479F-A268-6BEC17D1AC5D}.Debug|Any CPU.Build.0 = Debug|Any CPU
		{98011941-1099-479F-A268-6BEC17D1AC5D}.Release|Any CPU.ActiveCfg = Release|Any CPU
		{98011941-1099-479F-A268-6BEC17D1AC5D}.Release|Any CPU.Build.0 = Release|Any CPU
		{AEF2CF1C-C909-4A1A-884E-4AE2B5F723A8}.Debug|Any CPU.ActiveCfg = Debug|Any CPU
		{AEF2CF1C-C909-4A1A-884E-4AE2B5F723A8}.Debug|Any CPU.Build.0 = Debug|Any CPU
		{AEF2CF1C-C909-4A1A-884E-4AE2B5F723A8}.Release|Any CPU.ActiveCfg = Release|Any CPU
		{AEF2CF1C-C909-4A1A-884E-4AE2B5F723A8}.Release|Any CPU.Build.0 = Release|Any CPU
		{DDE70FDD-8D52-4A49-8B5E-AE1B216A4FE0}.Debug|Any CPU.ActiveCfg = Debug|Any CPU
		{DDE70FDD-8D52-4A49-8B5E-AE1B216A4FE0}.Debug|Any CPU.Build.0 = Debug|Any CPU
		{DDE70FDD-8D52-4A49-8B5E-AE1B216A4FE0}.Release|Any CPU.ActiveCfg = Release|Any CPU
		{DDE70FDD-8D52-4A49-8B5E-AE1B216A4FE0}.Release|Any CPU.Build.0 = Release|Any CPU
		{3CAA147A-4E33-416E-9122-E2B298185187}.Debug|Any CPU.ActiveCfg = Debug|Any CPU
		{3CAA147A-4E33-416E-9122-E2B298185187}.Debug|Any CPU.Build.0 = Debug|Any CPU
		{3CAA147A-4E33-416E-9122-E2B298185187}.Release|Any CPU.ActiveCfg = Release|Any CPU
		{3CAA147A-4E33-416E-9122-E2B298185187}.Release|Any CPU.Build.0 = Release|Any CPU
		{C66325AB-B11B-4B7A-B624-5BF5C416B279}.Debug|Any CPU.ActiveCfg = Debug|Any CPU
		{C66325AB-B11B-4B7A-B624-5BF5C416B279}.Debug|Any CPU.Build.0 = Debug|Any CPU
		{C66325AB-B11B-4B7A-B624-5BF5C416B279}.Release|Any CPU.ActiveCfg = Release|Any CPU
		{C66325AB-B11B-4B7A-B624-5BF5C416B279}.Release|Any CPU.Build.0 = Release|Any CPU
		{EFF40315-4B62-480C-9CAD-E393983F78AB}.Debug|Any CPU.ActiveCfg = Debug|Any CPU
		{EFF40315-4B62-480C-9CAD-E393983F78AB}.Debug|Any CPU.Build.0 = Debug|Any CPU
		{EFF40315-4B62-480C-9CAD-E393983F78AB}.Release|Any CPU.ActiveCfg = Release|Any CPU
		{EFF40315-4B62-480C-9CAD-E393983F78AB}.Release|Any CPU.Build.0 = Release|Any CPU
		{5A3B23F8-3199-4630-A4C1-8BDF0AE95354}.Debug|Any CPU.ActiveCfg = Debug|Any CPU
		{5A3B23F8-3199-4630-A4C1-8BDF0AE95354}.Debug|Any CPU.Build.0 = Debug|Any CPU
		{5A3B23F8-3199-4630-A4C1-8BDF0AE95354}.Release|Any CPU.ActiveCfg = Release|Any CPU
		{5A3B23F8-3199-4630-A4C1-8BDF0AE95354}.Release|Any CPU.Build.0 = Release|Any CPU
		{E35E3F86-1D43-4340-B97A-6329300CBF9E}.Debug|Any CPU.ActiveCfg = Debug|Any CPU
		{E35E3F86-1D43-4340-B97A-6329300CBF9E}.Debug|Any CPU.Build.0 = Debug|Any CPU
		{E35E3F86-1D43-4340-B97A-6329300CBF9E}.Release|Any CPU.ActiveCfg = Release|Any CPU
		{E35E3F86-1D43-4340-B97A-6329300CBF9E}.Release|Any CPU.Build.0 = Release|Any CPU
		{74C68BC4-3996-4CF3-88DD-B99EA1A401D1}.Debug|Any CPU.ActiveCfg = Debug|Any CPU
		{74C68BC4-3996-4CF3-88DD-B99EA1A401D1}.Debug|Any CPU.Build.0 = Debug|Any CPU
		{74C68BC4-3996-4CF3-88DD-B99EA1A401D1}.Release|Any CPU.ActiveCfg = Release|Any CPU
		{74C68BC4-3996-4CF3-88DD-B99EA1A401D1}.Release|Any CPU.Build.0 = Release|Any CPU
		{475E3F96-B692-4191-AD34-CA198B677C30}.Debug|Any CPU.ActiveCfg = Debug|Any CPU
		{475E3F96-B692-4191-AD34-CA198B677C30}.Debug|Any CPU.Build.0 = Debug|Any CPU
		{475E3F96-B692-4191-AD34-CA198B677C30}.Release|Any CPU.ActiveCfg = Release|Any CPU
		{475E3F96-B692-4191-AD34-CA198B677C30}.Release|Any CPU.Build.0 = Release|Any CPU
	EndGlobalSection
	GlobalSection(SolutionProperties) = preSolution
		HideSolutionNode = FALSE
	EndGlobalSection
	GlobalSection(NestedProjects) = preSolution
		{59F2C08C-E01B-457B-AD85-FF40DB4303DD} = {06B016BC-C266-46F7-AF17-943C742A33EE}
		{0B6EACF0-3826-435F-B867-A9358B1AF888} = {06B016BC-C266-46F7-AF17-943C742A33EE}
		{AF3EDDFC-046A-4F9A-8C37-5B024193460C} = {99D16F7C-6DBA-4B1B-952A-54BA68B15069}
		{C9063599-D8BC-41DC-97F5-2190482146D4} = {99D16F7C-6DBA-4B1B-952A-54BA68B15069}
		{5DB86C95-9C5F-4C70-A337-522CB575E070} = {4D062625-E1A3-4608-ACFE-3C065306732F}
		{BA8B4374-0ED4-4C77-BEBF-3EB462F0169B} = {4D062625-E1A3-4608-ACFE-3C065306732F}
		{DBFC941D-06ED-4C42-8D41-18874E445BE0} = {705133D9-C430-41F9-A514-D339D69A4D62}
		{F458D1FB-0040-4C3E-99C9-0BCF5D3E285B} = {705133D9-C430-41F9-A514-D339D69A4D62}
		{AEDD876B-9286-4DBC-9F86-05D4E251B5DB} = {06B016BC-C266-46F7-AF17-943C742A33EE}
		{AEF2CF1C-C909-4A1A-884E-4AE2B5F723A8} = {99D16F7C-6DBA-4B1B-952A-54BA68B15069}
		{DDE70FDD-8D52-4A49-8B5E-AE1B216A4FE0} = {5345C984-F81E-4354-BEEC-1C96CC5A6BD6}
		{3CAA147A-4E33-416E-9122-E2B298185187} = {0BC5E6FA-D23D-4F9D-9473-7AC08083F867}
		{C66325AB-B11B-4B7A-B624-5BF5C416B279} = {0BC5E6FA-D23D-4F9D-9473-7AC08083F867}
		{EFF40315-4B62-480C-9CAD-E393983F78AB} = {0BC5E6FA-D23D-4F9D-9473-7AC08083F867}
		{5A3B23F8-3199-4630-A4C1-8BDF0AE95354} = {84F8CFC5-16A2-4233-9175-F159B469B46A}
		{E35E3F86-1D43-4340-B97A-6329300CBF9E} = {84F8CFC5-16A2-4233-9175-F159B469B46A}
		{74C68BC4-3996-4CF3-88DD-B99EA1A401D1} = {84F8CFC5-16A2-4233-9175-F159B469B46A}
		{475E3F96-B692-4191-AD34-CA198B677C30} = {84F8CFC5-16A2-4233-9175-F159B469B46A}
	EndGlobalSection
	GlobalSection(ExtensibilityGlobals) = postSolution
		SolutionGuid = {6C80D339-A994-4A10-9BA6-14675A711655}
	EndGlobalSection
EndGlobal
